
Microsoft Visual Studio Solution File, Format Version 12.00
# Visual Studio 14
VisualStudioVersion = 14.0.25420.1
MinimumVisualStudioVersion = 10.0.40219.1
Project("{FAE04EC0-301F-11D3-BF4B-00C04F79EFBC}") = "OOH.Droid", "OOH\OOH.Droid\OOH.Droid.csproj", "{111114BD-DA18-4719-9D67-65E13A808F43}"
EndProject
Project("{FAE04EC0-301F-11D3-BF4B-00C04F79EFBC}") = "OOH.iOS", "OOH\OOH.iOS\OOH.iOS.csproj", "{EB56FCEE-E446-4D47-B028-4209496EE922}"
EndProject
Project("{FAE04EC0-301F-11D3-BF4B-00C04F79EFBC}") = "OOH.WinPhone", "OOH\OOH.WinPhone\OOH.WinPhone.csproj", "{9EB1A99D-0A88-416D-B086-9EC56F53CFFF}"
EndProject
Project("{FAE04EC0-301F-11D3-BF4B-00C04F79EFBC}") = "OOH.UWP", "OOH\OOH.UWP\OOH.UWP.csproj", "{140F78CC-1A7F-4E9B-8A2E-F568323E826E}"
EndProject
Project("{FAE04EC0-301F-11D3-BF4B-00C04F79EFBC}") = "OOH.Windows", "OOH\OOH.Windows\OOH.Windows.csproj", "{F7E6360E-1592-4B92-AC7B-4A349229B60B}"
EndProject
Project("{FAE04EC0-301F-11D3-BF4B-00C04F79EFBC}") = "OOH", "OOH\OOH\OOH.csproj", "{993CF677-4B5A-4FAF-83BC-8BADCA4E6153}"
EndProject
Global
	GlobalSection(SolutionConfigurationPlatforms) = preSolution
		Ad-Hoc|Any CPU = Ad-Hoc|Any CPU
		Ad-Hoc|ARM = Ad-Hoc|ARM
		Ad-Hoc|iPhone = Ad-Hoc|iPhone
		Ad-Hoc|iPhoneSimulator = Ad-Hoc|iPhoneSimulator
		Ad-Hoc|x64 = Ad-Hoc|x64
		Ad-Hoc|x86 = Ad-Hoc|x86
		AppStore|Any CPU = AppStore|Any CPU
		AppStore|ARM = AppStore|ARM
		AppStore|iPhone = AppStore|iPhone
		AppStore|iPhoneSimulator = AppStore|iPhoneSimulator
		AppStore|x64 = AppStore|x64
		AppStore|x86 = AppStore|x86
		Debug|Any CPU = Debug|Any CPU
		Debug|ARM = Debug|ARM
		Debug|iPhone = Debug|iPhone
		Debug|iPhoneSimulator = Debug|iPhoneSimulator
		Debug|x64 = Debug|x64
		Debug|x86 = Debug|x86
		Release|Any CPU = Release|Any CPU
		Release|ARM = Release|ARM
		Release|iPhone = Release|iPhone
		Release|iPhoneSimulator = Release|iPhoneSimulator
		Release|x64 = Release|x64
		Release|x86 = Release|x86
	EndGlobalSection
	GlobalSection(ProjectConfigurationPlatforms) = postSolution
		{111114BD-DA18-4719-9D67-65E13A808F43}.Ad-Hoc|Any CPU.ActiveCfg = Release|Any CPU
		{111114BD-DA18-4719-9D67-65E13A808F43}.Ad-Hoc|Any CPU.Build.0 = Release|Any CPU
		{111114BD-DA18-4719-9D67-65E13A808F43}.Ad-Hoc|Any CPU.Deploy.0 = Release|Any CPU
		{111114BD-DA18-4719-9D67-65E13A808F43}.Ad-Hoc|ARM.ActiveCfg = Release|Any CPU
		{111114BD-DA18-4719-9D67-65E13A808F43}.Ad-Hoc|ARM.Build.0 = Release|Any CPU
		{111114BD-DA18-4719-9D67-65E13A808F43}.Ad-Hoc|ARM.Deploy.0 = Release|Any CPU
		{111114BD-DA18-4719-9D67-65E13A808F43}.Ad-Hoc|iPhone.ActiveCfg = Release|Any CPU
		{111114BD-DA18-4719-9D67-65E13A808F43}.Ad-Hoc|iPhone.Build.0 = Release|Any CPU
		{111114BD-DA18-4719-9D67-65E13A808F43}.Ad-Hoc|iPhone.Deploy.0 = Release|Any CPU
		{111114BD-DA18-4719-9D67-65E13A808F43}.Ad-Hoc|iPhoneSimulator.ActiveCfg = Release|Any CPU
		{111114BD-DA18-4719-9D67-65E13A808F43}.Ad-Hoc|iPhoneSimulator.Build.0 = Release|Any CPU
		{111114BD-DA18-4719-9D67-65E13A808F43}.Ad-Hoc|iPhoneSimulator.Deploy.0 = Release|Any CPU
		{111114BD-DA18-4719-9D67-65E13A808F43}.Ad-Hoc|x64.ActiveCfg = Release|Any CPU
		{111114BD-DA18-4719-9D67-65E13A808F43}.Ad-Hoc|x64.Build.0 = Release|Any CPU
		{111114BD-DA18-4719-9D67-65E13A808F43}.Ad-Hoc|x64.Deploy.0 = Release|Any CPU
		{111114BD-DA18-4719-9D67-65E13A808F43}.Ad-Hoc|x86.ActiveCfg = Release|Any CPU
		{111114BD-DA18-4719-9D67-65E13A808F43}.Ad-Hoc|x86.Build.0 = Release|Any CPU
		{111114BD-DA18-4719-9D67-65E13A808F43}.Ad-Hoc|x86.Deploy.0 = Release|Any CPU
		{111114BD-DA18-4719-9D67-65E13A808F43}.AppStore|Any CPU.ActiveCfg = Release|Any CPU
		{111114BD-DA18-4719-9D67-65E13A808F43}.AppStore|Any CPU.Build.0 = Release|Any CPU
		{111114BD-DA18-4719-9D67-65E13A808F43}.AppStore|Any CPU.Deploy.0 = Release|Any CPU
		{111114BD-DA18-4719-9D67-65E13A808F43}.AppStore|ARM.ActiveCfg = Release|Any CPU
		{111114BD-DA18-4719-9D67-65E13A808F43}.AppStore|ARM.Build.0 = Release|Any CPU
		{111114BD-DA18-4719-9D67-65E13A808F43}.AppStore|ARM.Deploy.0 = Release|Any CPU
		{111114BD-DA18-4719-9D67-65E13A808F43}.AppStore|iPhone.ActiveCfg = Release|Any CPU
		{111114BD-DA18-4719-9D67-65E13A808F43}.AppStore|iPhone.Build.0 = Release|Any CPU
		{111114BD-DA18-4719-9D67-65E13A808F43}.AppStore|iPhone.Deploy.0 = Release|Any CPU
		{111114BD-DA18-4719-9D67-65E13A808F43}.AppStore|iPhoneSimulator.ActiveCfg = Release|Any CPU
		{111114BD-DA18-4719-9D67-65E13A808F43}.AppStore|iPhoneSimulator.Build.0 = Release|Any CPU
		{111114BD-DA18-4719-9D67-65E13A808F43}.AppStore|iPhoneSimulator.Deploy.0 = Release|Any CPU
		{111114BD-DA18-4719-9D67-65E13A808F43}.AppStore|x64.ActiveCfg = Release|Any CPU
		{111114BD-DA18-4719-9D67-65E13A808F43}.AppStore|x64.Build.0 = Release|Any CPU
		{111114BD-DA18-4719-9D67-65E13A808F43}.AppStore|x64.Deploy.0 = Release|Any CPU
		{111114BD-DA18-4719-9D67-65E13A808F43}.AppStore|x86.ActiveCfg = Release|Any CPU
		{111114BD-DA18-4719-9D67-65E13A808F43}.AppStore|x86.Build.0 = Release|Any CPU
		{111114BD-DA18-4719-9D67-65E13A808F43}.AppStore|x86.Deploy.0 = Release|Any CPU
		{111114BD-DA18-4719-9D67-65E13A808F43}.Debug|Any CPU.ActiveCfg = Debug|Any CPU
		{111114BD-DA18-4719-9D67-65E13A808F43}.Debug|Any CPU.Build.0 = Debug|Any CPU
		{111114BD-DA18-4719-9D67-65E13A808F43}.Debug|Any CPU.Deploy.0 = Debug|Any CPU
		{111114BD-DA18-4719-9D67-65E13A808F43}.Debug|ARM.ActiveCfg = Debug|Any CPU
		{111114BD-DA18-4719-9D67-65E13A808F43}.Debug|ARM.Build.0 = Debug|Any CPU
		{111114BD-DA18-4719-9D67-65E13A808F43}.Debug|ARM.Deploy.0 = Debug|Any CPU
		{111114BD-DA18-4719-9D67-65E13A808F43}.Debug|iPhone.ActiveCfg = Debug|Any CPU
		{111114BD-DA18-4719-9D67-65E13A808F43}.Debug|iPhone.Build.0 = Debug|Any CPU
		{111114BD-DA18-4719-9D67-65E13A808F43}.Debug|iPhone.Deploy.0 = Debug|Any CPU
		{111114BD-DA18-4719-9D67-65E13A808F43}.Debug|iPhoneSimulator.ActiveCfg = Debug|Any CPU
		{111114BD-DA18-4719-9D67-65E13A808F43}.Debug|iPhoneSimulator.Build.0 = Debug|Any CPU
		{111114BD-DA18-4719-9D67-65E13A808F43}.Debug|iPhoneSimulator.Deploy.0 = Debug|Any CPU
		{111114BD-DA18-4719-9D67-65E13A808F43}.Debug|x64.ActiveCfg = Debug|Any CPU
		{111114BD-DA18-4719-9D67-65E13A808F43}.Debug|x64.Build.0 = Debug|Any CPU
		{111114BD-DA18-4719-9D67-65E13A808F43}.Debug|x64.Deploy.0 = Debug|Any CPU
		{111114BD-DA18-4719-9D67-65E13A808F43}.Debug|x86.ActiveCfg = Debug|Any CPU
		{111114BD-DA18-4719-9D67-65E13A808F43}.Debug|x86.Build.0 = Debug|Any CPU
		{111114BD-DA18-4719-9D67-65E13A808F43}.Debug|x86.Deploy.0 = Debug|Any CPU
		{111114BD-DA18-4719-9D67-65E13A808F43}.Release|Any CPU.ActiveCfg = Release|Any CPU
		{111114BD-DA18-4719-9D67-65E13A808F43}.Release|Any CPU.Build.0 = Release|Any CPU
		{111114BD-DA18-4719-9D67-65E13A808F43}.Release|Any CPU.Deploy.0 = Release|Any CPU
		{111114BD-DA18-4719-9D67-65E13A808F43}.Release|ARM.ActiveCfg = Release|Any CPU
		{111114BD-DA18-4719-9D67-65E13A808F43}.Release|ARM.Build.0 = Release|Any CPU
		{111114BD-DA18-4719-9D67-65E13A808F43}.Release|ARM.Deploy.0 = Release|Any CPU
		{111114BD-DA18-4719-9D67-65E13A808F43}.Release|iPhone.ActiveCfg = Release|Any CPU
		{111114BD-DA18-4719-9D67-65E13A808F43}.Release|iPhone.Build.0 = Release|Any CPU
		{111114BD-DA18-4719-9D67-65E13A808F43}.Release|iPhone.Deploy.0 = Release|Any CPU
		{111114BD-DA18-4719-9D67-65E13A808F43}.Release|iPhoneSimulator.ActiveCfg = Release|Any CPU
		{111114BD-DA18-4719-9D67-65E13A808F43}.Release|iPhoneSimulator.Build.0 = Release|Any CPU
		{111114BD-DA18-4719-9D67-65E13A808F43}.Release|iPhoneSimulator.Deploy.0 = Release|Any CPU
		{111114BD-DA18-4719-9D67-65E13A808F43}.Release|x64.ActiveCfg = Release|Any CPU
		{111114BD-DA18-4719-9D67-65E13A808F43}.Release|x64.Build.0 = Release|Any CPU
		{111114BD-DA18-4719-9D67-65E13A808F43}.Release|x64.Deploy.0 = Release|Any CPU
		{111114BD-DA18-4719-9D67-65E13A808F43}.Release|x86.ActiveCfg = Release|Any CPU
		{111114BD-DA18-4719-9D67-65E13A808F43}.Release|x86.Build.0 = Release|Any CPU
		{111114BD-DA18-4719-9D67-65E13A808F43}.Release|x86.Deploy.0 = Release|Any CPU
		{EB56FCEE-E446-4D47-B028-4209496EE922}.Ad-Hoc|Any CPU.ActiveCfg = Ad-Hoc|iPhone
		{EB56FCEE-E446-4D47-B028-4209496EE922}.Ad-Hoc|ARM.ActiveCfg = Ad-Hoc|iPhone
		{EB56FCEE-E446-4D47-B028-4209496EE922}.Ad-Hoc|iPhone.ActiveCfg = Ad-Hoc|iPhone
		{EB56FCEE-E446-4D47-B028-4209496EE922}.Ad-Hoc|iPhone.Build.0 = Ad-Hoc|iPhone
		{EB56FCEE-E446-4D47-B028-4209496EE922}.Ad-Hoc|iPhoneSimulator.ActiveCfg = Ad-Hoc|iPhoneSimulator
		{EB56FCEE-E446-4D47-B028-4209496EE922}.Ad-Hoc|iPhoneSimulator.Build.0 = Ad-Hoc|iPhoneSimulator
		{EB56FCEE-E446-4D47-B028-4209496EE922}.Ad-Hoc|x64.ActiveCfg = Ad-Hoc|iPhone
		{EB56FCEE-E446-4D47-B028-4209496EE922}.Ad-Hoc|x86.ActiveCfg = Ad-Hoc|iPhone
		{EB56FCEE-E446-4D47-B028-4209496EE922}.AppStore|Any CPU.ActiveCfg = AppStore|iPhone
		{EB56FCEE-E446-4D47-B028-4209496EE922}.AppStore|ARM.ActiveCfg = AppStore|iPhone
		{EB56FCEE-E446-4D47-B028-4209496EE922}.AppStore|iPhone.ActiveCfg = AppStore|iPhone
		{EB56FCEE-E446-4D47-B028-4209496EE922}.AppStore|iPhone.Build.0 = AppStore|iPhone
		{EB56FCEE-E446-4D47-B028-4209496EE922}.AppStore|iPhoneSimulator.ActiveCfg = AppStore|iPhoneSimulator
		{EB56FCEE-E446-4D47-B028-4209496EE922}.AppStore|iPhoneSimulator.Build.0 = AppStore|iPhoneSimulator
		{EB56FCEE-E446-4D47-B028-4209496EE922}.AppStore|x64.ActiveCfg = AppStore|iPhone
		{EB56FCEE-E446-4D47-B028-4209496EE922}.AppStore|x86.ActiveCfg = AppStore|iPhone
		{EB56FCEE-E446-4D47-B028-4209496EE922}.Debug|Any CPU.ActiveCfg = Debug|iPhone
		{EB56FCEE-E446-4D47-B028-4209496EE922}.Debug|ARM.ActiveCfg = Debug|iPhone
		{EB56FCEE-E446-4D47-B028-4209496EE922}.Debug|iPhone.ActiveCfg = Debug|iPhone
		{EB56FCEE-E446-4D47-B028-4209496EE922}.Debug|iPhone.Build.0 = Debug|iPhone
		{EB56FCEE-E446-4D47-B028-4209496EE922}.Debug|iPhoneSimulator.ActiveCfg = Debug|iPhoneSimulator
		{EB56FCEE-E446-4D47-B028-4209496EE922}.Debug|iPhoneSimulator.Build.0 = Debug|iPhoneSimulator
		{EB56FCEE-E446-4D47-B028-4209496EE922}.Debug|x64.ActiveCfg = Debug|iPhone
		{EB56FCEE-E446-4D47-B028-4209496EE922}.Debug|x86.ActiveCfg = Debug|iPhone
		{EB56FCEE-E446-4D47-B028-4209496EE922}.Release|Any CPU.ActiveCfg = Release|iPhone
		{EB56FCEE-E446-4D47-B028-4209496EE922}.Release|ARM.ActiveCfg = Release|iPhone
		{EB56FCEE-E446-4D47-B028-4209496EE922}.Release|iPhone.ActiveCfg = Release|iPhone
		{EB56FCEE-E446-4D47-B028-4209496EE922}.Release|iPhone.Build.0 = Release|iPhone
		{EB56FCEE-E446-4D47-B028-4209496EE922}.Release|iPhoneSimulator.ActiveCfg = Release|iPhoneSimulator
		{EB56FCEE-E446-4D47-B028-4209496EE922}.Release|iPhoneSimulator.Build.0 = Release|iPhoneSimulator
		{EB56FCEE-E446-4D47-B028-4209496EE922}.Release|x64.ActiveCfg = Release|iPhone
		{EB56FCEE-E446-4D47-B028-4209496EE922}.Release|x86.ActiveCfg = Release|iPhone
		{9EB1A99D-0A88-416D-B086-9EC56F53CFFF}.Ad-Hoc|Any CPU.ActiveCfg = Release|Any CPU
		{9EB1A99D-0A88-416D-B086-9EC56F53CFFF}.Ad-Hoc|Any CPU.Build.0 = Release|Any CPU
		{9EB1A99D-0A88-416D-B086-9EC56F53CFFF}.Ad-Hoc|Any CPU.Deploy.0 = Release|Any CPU
		{9EB1A99D-0A88-416D-B086-9EC56F53CFFF}.Ad-Hoc|ARM.ActiveCfg = Release|ARM
		{9EB1A99D-0A88-416D-B086-9EC56F53CFFF}.Ad-Hoc|ARM.Build.0 = Release|ARM
		{9EB1A99D-0A88-416D-B086-9EC56F53CFFF}.Ad-Hoc|ARM.Deploy.0 = Release|ARM
		{9EB1A99D-0A88-416D-B086-9EC56F53CFFF}.Ad-Hoc|iPhone.ActiveCfg = Release|Any CPU
		{9EB1A99D-0A88-416D-B086-9EC56F53CFFF}.Ad-Hoc|iPhone.Build.0 = Release|Any CPU
		{9EB1A99D-0A88-416D-B086-9EC56F53CFFF}.Ad-Hoc|iPhone.Deploy.0 = Release|Any CPU
		{9EB1A99D-0A88-416D-B086-9EC56F53CFFF}.Ad-Hoc|iPhoneSimulator.ActiveCfg = Release|Any CPU
		{9EB1A99D-0A88-416D-B086-9EC56F53CFFF}.Ad-Hoc|iPhoneSimulator.Build.0 = Release|Any CPU
		{9EB1A99D-0A88-416D-B086-9EC56F53CFFF}.Ad-Hoc|iPhoneSimulator.Deploy.0 = Release|Any CPU
		{9EB1A99D-0A88-416D-B086-9EC56F53CFFF}.Ad-Hoc|x64.ActiveCfg = Release|Any CPU
		{9EB1A99D-0A88-416D-B086-9EC56F53CFFF}.Ad-Hoc|x64.Build.0 = Release|Any CPU
		{9EB1A99D-0A88-416D-B086-9EC56F53CFFF}.Ad-Hoc|x64.Deploy.0 = Release|Any CPU
		{9EB1A99D-0A88-416D-B086-9EC56F53CFFF}.Ad-Hoc|x86.ActiveCfg = Release|x86
		{9EB1A99D-0A88-416D-B086-9EC56F53CFFF}.Ad-Hoc|x86.Build.0 = Release|x86
		{9EB1A99D-0A88-416D-B086-9EC56F53CFFF}.Ad-Hoc|x86.Deploy.0 = Release|x86
		{9EB1A99D-0A88-416D-B086-9EC56F53CFFF}.AppStore|Any CPU.ActiveCfg = Release|Any CPU
		{9EB1A99D-0A88-416D-B086-9EC56F53CFFF}.AppStore|Any CPU.Build.0 = Release|Any CPU
		{9EB1A99D-0A88-416D-B086-9EC56F53CFFF}.AppStore|Any CPU.Deploy.0 = Release|Any CPU
		{9EB1A99D-0A88-416D-B086-9EC56F53CFFF}.AppStore|ARM.ActiveCfg = Release|ARM
		{9EB1A99D-0A88-416D-B086-9EC56F53CFFF}.AppStore|ARM.Build.0 = Release|ARM
		{9EB1A99D-0A88-416D-B086-9EC56F53CFFF}.AppStore|ARM.Deploy.0 = Release|ARM
		{9EB1A99D-0A88-416D-B086-9EC56F53CFFF}.AppStore|iPhone.ActiveCfg = Release|Any CPU
		{9EB1A99D-0A88-416D-B086-9EC56F53CFFF}.AppStore|iPhone.Build.0 = Release|Any CPU
		{9EB1A99D-0A88-416D-B086-9EC56F53CFFF}.AppStore|iPhone.Deploy.0 = Release|Any CPU
		{9EB1A99D-0A88-416D-B086-9EC56F53CFFF}.AppStore|iPhoneSimulator.ActiveCfg = Release|Any CPU
		{9EB1A99D-0A88-416D-B086-9EC56F53CFFF}.AppStore|iPhoneSimulator.Build.0 = Release|Any CPU
		{9EB1A99D-0A88-416D-B086-9EC56F53CFFF}.AppStore|iPhoneSimulator.Deploy.0 = Release|Any CPU
		{9EB1A99D-0A88-416D-B086-9EC56F53CFFF}.AppStore|x64.ActiveCfg = Release|Any CPU
		{9EB1A99D-0A88-416D-B086-9EC56F53CFFF}.AppStore|x64.Build.0 = Release|Any CPU
		{9EB1A99D-0A88-416D-B086-9EC56F53CFFF}.AppStore|x64.Deploy.0 = Release|Any CPU
		{9EB1A99D-0A88-416D-B086-9EC56F53CFFF}.AppStore|x86.ActiveCfg = Release|x86
		{9EB1A99D-0A88-416D-B086-9EC56F53CFFF}.AppStore|x86.Build.0 = Release|x86
		{9EB1A99D-0A88-416D-B086-9EC56F53CFFF}.AppStore|x86.Deploy.0 = Release|x86
		{9EB1A99D-0A88-416D-B086-9EC56F53CFFF}.Debug|Any CPU.ActiveCfg = Debug|Any CPU
		{9EB1A99D-0A88-416D-B086-9EC56F53CFFF}.Debug|Any CPU.Build.0 = Debug|Any CPU
		{9EB1A99D-0A88-416D-B086-9EC56F53CFFF}.Debug|ARM.ActiveCfg = Debug|ARM
		{9EB1A99D-0A88-416D-B086-9EC56F53CFFF}.Debug|ARM.Build.0 = Debug|ARM
		{9EB1A99D-0A88-416D-B086-9EC56F53CFFF}.Debug|ARM.Deploy.0 = Debug|ARM
		{9EB1A99D-0A88-416D-B086-9EC56F53CFFF}.Debug|iPhone.ActiveCfg = Debug|Any CPU
		{9EB1A99D-0A88-416D-B086-9EC56F53CFFF}.Debug|iPhone.Build.0 = Debug|Any CPU
		{9EB1A99D-0A88-416D-B086-9EC56F53CFFF}.Debug|iPhone.Deploy.0 = Debug|Any CPU
		{9EB1A99D-0A88-416D-B086-9EC56F53CFFF}.Debug|iPhoneSimulator.ActiveCfg = Debug|Any CPU
		{9EB1A99D-0A88-416D-B086-9EC56F53CFFF}.Debug|iPhoneSimulator.Build.0 = Debug|Any CPU
		{9EB1A99D-0A88-416D-B086-9EC56F53CFFF}.Debug|iPhoneSimulator.Deploy.0 = Debug|Any CPU
		{9EB1A99D-0A88-416D-B086-9EC56F53CFFF}.Debug|x64.ActiveCfg = Debug|Any CPU
		{9EB1A99D-0A88-416D-B086-9EC56F53CFFF}.Debug|x64.Build.0 = Debug|Any CPU
		{9EB1A99D-0A88-416D-B086-9EC56F53CFFF}.Debug|x64.Deploy.0 = Debug|Any CPU
		{9EB1A99D-0A88-416D-B086-9EC56F53CFFF}.Debug|x86.ActiveCfg = Debug|x86
		{9EB1A99D-0A88-416D-B086-9EC56F53CFFF}.Debug|x86.Build.0 = Debug|x86
		{9EB1A99D-0A88-416D-B086-9EC56F53CFFF}.Debug|x86.Deploy.0 = Debug|x86
		{9EB1A99D-0A88-416D-B086-9EC56F53CFFF}.Release|Any CPU.ActiveCfg = Release|Any CPU
		{9EB1A99D-0A88-416D-B086-9EC56F53CFFF}.Release|Any CPU.Build.0 = Release|Any CPU
		{9EB1A99D-0A88-416D-B086-9EC56F53CFFF}.Release|Any CPU.Deploy.0 = Release|Any CPU
		{9EB1A99D-0A88-416D-B086-9EC56F53CFFF}.Release|ARM.ActiveCfg = Release|ARM
		{9EB1A99D-0A88-416D-B086-9EC56F53CFFF}.Release|ARM.Build.0 = Release|ARM
		{9EB1A99D-0A88-416D-B086-9EC56F53CFFF}.Release|ARM.Deploy.0 = Release|ARM
		{9EB1A99D-0A88-416D-B086-9EC56F53CFFF}.Release|iPhone.ActiveCfg = Release|Any CPU
		{9EB1A99D-0A88-416D-B086-9EC56F53CFFF}.Release|iPhone.Build.0 = Release|Any CPU
		{9EB1A99D-0A88-416D-B086-9EC56F53CFFF}.Release|iPhone.Deploy.0 = Release|Any CPU
		{9EB1A99D-0A88-416D-B086-9EC56F53CFFF}.Release|iPhoneSimulator.ActiveCfg = Release|Any CPU
		{9EB1A99D-0A88-416D-B086-9EC56F53CFFF}.Release|iPhoneSimulator.Build.0 = Release|Any CPU
		{9EB1A99D-0A88-416D-B086-9EC56F53CFFF}.Release|iPhoneSimulator.Deploy.0 = Release|Any CPU
		{9EB1A99D-0A88-416D-B086-9EC56F53CFFF}.Release|x64.ActiveCfg = Release|Any CPU
		{9EB1A99D-0A88-416D-B086-9EC56F53CFFF}.Release|x64.Build.0 = Release|Any CPU
		{9EB1A99D-0A88-416D-B086-9EC56F53CFFF}.Release|x64.Deploy.0 = Release|Any CPU
		{9EB1A99D-0A88-416D-B086-9EC56F53CFFF}.Release|x86.ActiveCfg = Release|x86
		{9EB1A99D-0A88-416D-B086-9EC56F53CFFF}.Release|x86.Build.0 = Release|x86
		{9EB1A99D-0A88-416D-B086-9EC56F53CFFF}.Release|x86.Deploy.0 = Release|x86
		{140F78CC-1A7F-4E9B-8A2E-F568323E826E}.Ad-Hoc|Any CPU.ActiveCfg = Release|x86
		{140F78CC-1A7F-4E9B-8A2E-F568323E826E}.Ad-Hoc|Any CPU.Build.0 = Release|x86
		{140F78CC-1A7F-4E9B-8A2E-F568323E826E}.Ad-Hoc|Any CPU.Deploy.0 = Release|x86
		{140F78CC-1A7F-4E9B-8A2E-F568323E826E}.Ad-Hoc|ARM.ActiveCfg = Release|ARM
		{140F78CC-1A7F-4E9B-8A2E-F568323E826E}.Ad-Hoc|ARM.Build.0 = Release|ARM
		{140F78CC-1A7F-4E9B-8A2E-F568323E826E}.Ad-Hoc|ARM.Deploy.0 = Release|ARM
		{140F78CC-1A7F-4E9B-8A2E-F568323E826E}.Ad-Hoc|iPhone.ActiveCfg = Release|x86
		{140F78CC-1A7F-4E9B-8A2E-F568323E826E}.Ad-Hoc|iPhone.Build.0 = Release|x86
		{140F78CC-1A7F-4E9B-8A2E-F568323E826E}.Ad-Hoc|iPhone.Deploy.0 = Release|x86
		{140F78CC-1A7F-4E9B-8A2E-F568323E826E}.Ad-Hoc|iPhoneSimulator.ActiveCfg = Release|x86
		{140F78CC-1A7F-4E9B-8A2E-F568323E826E}.Ad-Hoc|iPhoneSimulator.Build.0 = Release|x86
		{140F78CC-1A7F-4E9B-8A2E-F568323E826E}.Ad-Hoc|iPhoneSimulator.Deploy.0 = Release|x86
		{140F78CC-1A7F-4E9B-8A2E-F568323E826E}.Ad-Hoc|x64.ActiveCfg = Release|x64
		{140F78CC-1A7F-4E9B-8A2E-F568323E826E}.Ad-Hoc|x64.Build.0 = Release|x64
		{140F78CC-1A7F-4E9B-8A2E-F568323E826E}.Ad-Hoc|x64.Deploy.0 = Release|x64
		{140F78CC-1A7F-4E9B-8A2E-F568323E826E}.Ad-Hoc|x86.ActiveCfg = Release|x86
		{140F78CC-1A7F-4E9B-8A2E-F568323E826E}.Ad-Hoc|x86.Build.0 = Release|x86
		{140F78CC-1A7F-4E9B-8A2E-F568323E826E}.Ad-Hoc|x86.Deploy.0 = Release|x86
		{140F78CC-1A7F-4E9B-8A2E-F568323E826E}.AppStore|Any CPU.ActiveCfg = Release|x86
		{140F78CC-1A7F-4E9B-8A2E-F568323E826E}.AppStore|Any CPU.Build.0 = Release|x86
		{140F78CC-1A7F-4E9B-8A2E-F568323E826E}.AppStore|Any CPU.Deploy.0 = Release|x86
		{140F78CC-1A7F-4E9B-8A2E-F568323E826E}.AppStore|ARM.ActiveCfg = Release|ARM
		{140F78CC-1A7F-4E9B-8A2E-F568323E826E}.AppStore|ARM.Build.0 = Release|ARM
		{140F78CC-1A7F-4E9B-8A2E-F568323E826E}.AppStore|ARM.Deploy.0 = Release|ARM
		{140F78CC-1A7F-4E9B-8A2E-F568323E826E}.AppStore|iPhone.ActiveCfg = Release|x86
		{140F78CC-1A7F-4E9B-8A2E-F568323E826E}.AppStore|iPhone.Build.0 = Release|x86
		{140F78CC-1A7F-4E9B-8A2E-F568323E826E}.AppStore|iPhone.Deploy.0 = Release|x86
		{140F78CC-1A7F-4E9B-8A2E-F568323E826E}.AppStore|iPhoneSimulator.ActiveCfg = Release|x86
		{140F78CC-1A7F-4E9B-8A2E-F568323E826E}.AppStore|iPhoneSimulator.Build.0 = Release|x86
		{140F78CC-1A7F-4E9B-8A2E-F568323E826E}.AppStore|iPhoneSimulator.Deploy.0 = Release|x86
		{140F78CC-1A7F-4E9B-8A2E-F568323E826E}.AppStore|x64.ActiveCfg = Release|x64
		{140F78CC-1A7F-4E9B-8A2E-F568323E826E}.AppStore|x64.Build.0 = Release|x64
		{140F78CC-1A7F-4E9B-8A2E-F568323E826E}.AppStore|x64.Deploy.0 = Release|x64
		{140F78CC-1A7F-4E9B-8A2E-F568323E826E}.AppStore|x86.ActiveCfg = Release|x86
		{140F78CC-1A7F-4E9B-8A2E-F568323E826E}.AppStore|x86.Build.0 = Release|x86
		{140F78CC-1A7F-4E9B-8A2E-F568323E826E}.AppStore|x86.Deploy.0 = Release|x86
		{140F78CC-1A7F-4E9B-8A2E-F568323E826E}.Debug|Any CPU.ActiveCfg = Debug|x86
		{140F78CC-1A7F-4E9B-8A2E-F568323E826E}.Debug|ARM.ActiveCfg = Debug|ARM
		{140F78CC-1A7F-4E9B-8A2E-F568323E826E}.Debug|ARM.Build.0 = Debug|ARM
		{140F78CC-1A7F-4E9B-8A2E-F568323E826E}.Debug|ARM.Deploy.0 = Debug|ARM
		{140F78CC-1A7F-4E9B-8A2E-F568323E826E}.Debug|iPhone.ActiveCfg = Debug|x86
		{140F78CC-1A7F-4E9B-8A2E-F568323E826E}.Debug|iPhoneSimulator.ActiveCfg = Debug|x86
		{140F78CC-1A7F-4E9B-8A2E-F568323E826E}.Debug|x64.ActiveCfg = Debug|x64
		{140F78CC-1A7F-4E9B-8A2E-F568323E826E}.Debug|x64.Build.0 = Debug|x64
		{140F78CC-1A7F-4E9B-8A2E-F568323E826E}.Debug|x64.Deploy.0 = Debug|x64
		{140F78CC-1A7F-4E9B-8A2E-F568323E826E}.Debug|x86.ActiveCfg = Debug|x86
		{140F78CC-1A7F-4E9B-8A2E-F568323E826E}.Debug|x86.Build.0 = Debug|x86
		{140F78CC-1A7F-4E9B-8A2E-F568323E826E}.Debug|x86.Deploy.0 = Debug|x86
		{140F78CC-1A7F-4E9B-8A2E-F568323E826E}.Release|Any CPU.ActiveCfg = Release|x86
		{140F78CC-1A7F-4E9B-8A2E-F568323E826E}.Release|ARM.ActiveCfg = Release|ARM
		{140F78CC-1A7F-4E9B-8A2E-F568323E826E}.Release|ARM.Build.0 = Release|ARM
		{140F78CC-1A7F-4E9B-8A2E-F568323E826E}.Release|ARM.Deploy.0 = Release|ARM
		{140F78CC-1A7F-4E9B-8A2E-F568323E826E}.Release|iPhone.ActiveCfg = Release|x86
		{140F78CC-1A7F-4E9B-8A2E-F568323E826E}.Release|iPhoneSimulator.ActiveCfg = Release|x86
		{140F78CC-1A7F-4E9B-8A2E-F568323E826E}.Release|x64.ActiveCfg = Release|x64
		{140F78CC-1A7F-4E9B-8A2E-F568323E826E}.Release|x64.Build.0 = Release|x64
		{140F78CC-1A7F-4E9B-8A2E-F568323E826E}.Release|x64.Deploy.0 = Release|x64
		{140F78CC-1A7F-4E9B-8A2E-F568323E826E}.Release|x86.ActiveCfg = Release|x86
		{140F78CC-1A7F-4E9B-8A2E-F568323E826E}.Release|x86.Build.0 = Release|x86
		{140F78CC-1A7F-4E9B-8A2E-F568323E826E}.Release|x86.Deploy.0 = Release|x86
		{F7E6360E-1592-4B92-AC7B-4A349229B60B}.Ad-Hoc|Any CPU.ActiveCfg = Release|Any CPU
		{F7E6360E-1592-4B92-AC7B-4A349229B60B}.Ad-Hoc|Any CPU.Build.0 = Release|Any CPU
		{F7E6360E-1592-4B92-AC7B-4A349229B60B}.Ad-Hoc|Any CPU.Deploy.0 = Release|Any CPU
		{F7E6360E-1592-4B92-AC7B-4A349229B60B}.Ad-Hoc|ARM.ActiveCfg = Release|ARM
		{F7E6360E-1592-4B92-AC7B-4A349229B60B}.Ad-Hoc|ARM.Build.0 = Release|ARM
		{F7E6360E-1592-4B92-AC7B-4A349229B60B}.Ad-Hoc|ARM.Deploy.0 = Release|ARM
		{F7E6360E-1592-4B92-AC7B-4A349229B60B}.Ad-Hoc|iPhone.ActiveCfg = Release|Any CPU
		{F7E6360E-1592-4B92-AC7B-4A349229B60B}.Ad-Hoc|iPhone.Build.0 = Release|Any CPU
		{F7E6360E-1592-4B92-AC7B-4A349229B60B}.Ad-Hoc|iPhone.Deploy.0 = Release|Any CPU
		{F7E6360E-1592-4B92-AC7B-4A349229B60B}.Ad-Hoc|iPhoneSimulator.ActiveCfg = Release|Any CPU
		{F7E6360E-1592-4B92-AC7B-4A349229B60B}.Ad-Hoc|iPhoneSimulator.Build.0 = Release|Any CPU
		{F7E6360E-1592-4B92-AC7B-4A349229B60B}.Ad-Hoc|iPhoneSimulator.Deploy.0 = Release|Any CPU
		{F7E6360E-1592-4B92-AC7B-4A349229B60B}.Ad-Hoc|x64.ActiveCfg = Release|x64
		{F7E6360E-1592-4B92-AC7B-4A349229B60B}.Ad-Hoc|x64.Build.0 = Release|x64
		{F7E6360E-1592-4B92-AC7B-4A349229B60B}.Ad-Hoc|x64.Deploy.0 = Release|x64
		{F7E6360E-1592-4B92-AC7B-4A349229B60B}.Ad-Hoc|x86.ActiveCfg = Release|x86
		{F7E6360E-1592-4B92-AC7B-4A349229B60B}.Ad-Hoc|x86.Build.0 = Release|x86
		{F7E6360E-1592-4B92-AC7B-4A349229B60B}.Ad-Hoc|x86.Deploy.0 = Release|x86
		{F7E6360E-1592-4B92-AC7B-4A349229B60B}.AppStore|Any CPU.ActiveCfg = Release|Any CPU
		{F7E6360E-1592-4B92-AC7B-4A349229B60B}.AppStore|Any CPU.Build.0 = Release|Any CPU
		{F7E6360E-1592-4B92-AC7B-4A349229B60B}.AppStore|Any CPU.Deploy.0 = Release|Any CPU
		{F7E6360E-1592-4B92-AC7B-4A349229B60B}.AppStore|ARM.ActiveCfg = Release|ARM
		{F7E6360E-1592-4B92-AC7B-4A349229B60B}.AppStore|ARM.Build.0 = Release|ARM
		{F7E6360E-1592-4B92-AC7B-4A349229B60B}.AppStore|ARM.Deploy.0 = Release|ARM
		{F7E6360E-1592-4B92-AC7B-4A349229B60B}.AppStore|iPhone.ActiveCfg = Release|Any CPU
		{F7E6360E-1592-4B92-AC7B-4A349229B60B}.AppStore|iPhone.Build.0 = Release|Any CPU
		{F7E6360E-1592-4B92-AC7B-4A349229B60B}.AppStore|iPhone.Deploy.0 = Release|Any CPU
		{F7E6360E-1592-4B92-AC7B-4A349229B60B}.AppStore|iPhoneSimulator.ActiveCfg = Release|Any CPU
		{F7E6360E-1592-4B92-AC7B-4A349229B60B}.AppStore|iPhoneSimulator.Build.0 = Release|Any CPU
		{F7E6360E-1592-4B92-AC7B-4A349229B60B}.AppStore|iPhoneSimulator.Deploy.0 = Release|Any CPU
		{F7E6360E-1592-4B92-AC7B-4A349229B60B}.AppStore|x64.ActiveCfg = Release|x64
		{F7E6360E-1592-4B92-AC7B-4A349229B60B}.AppStore|x64.Build.0 = Release|x64
		{F7E6360E-1592-4B92-AC7B-4A349229B60B}.AppStore|x64.Deploy.0 = Release|x64
		{F7E6360E-1592-4B92-AC7B-4A349229B60B}.AppStore|x86.ActiveCfg = Release|x86
		{F7E6360E-1592-4B92-AC7B-4A349229B60B}.AppStore|x86.Build.0 = Release|x86
		{F7E6360E-1592-4B92-AC7B-4A349229B60B}.AppStore|x86.Deploy.0 = Release|x86
		{F7E6360E-1592-4B92-AC7B-4A349229B60B}.Debug|Any CPU.ActiveCfg = Debug|Any CPU
		{F7E6360E-1592-4B92-AC7B-4A349229B60B}.Debug|Any CPU.Build.0 = Debug|Any CPU
		{F7E6360E-1592-4B92-AC7B-4A349229B60B}.Debug|ARM.ActiveCfg = Debug|ARM
		{F7E6360E-1592-4B92-AC7B-4A349229B60B}.Debug|ARM.Build.0 = Debug|ARM
		{F7E6360E-1592-4B92-AC7B-4A349229B60B}.Debug|ARM.Deploy.0 = Debug|ARM
		{F7E6360E-1592-4B92-AC7B-4A349229B60B}.Debug|iPhone.ActiveCfg = Debug|Any CPU
		{F7E6360E-1592-4B92-AC7B-4A349229B60B}.Debug|iPhone.Build.0 = Debug|Any CPU
		{F7E6360E-1592-4B92-AC7B-4A349229B60B}.Debug|iPhone.Deploy.0 = Debug|Any CPU
		{F7E6360E-1592-4B92-AC7B-4A349229B60B}.Debug|iPhoneSimulator.ActiveCfg = Debug|Any CPU
		{F7E6360E-1592-4B92-AC7B-4A349229B60B}.Debug|iPhoneSimulator.Build.0 = Debug|Any CPU
		{F7E6360E-1592-4B92-AC7B-4A349229B60B}.Debug|iPhoneSimulator.Deploy.0 = Debug|Any CPU
		{F7E6360E-1592-4B92-AC7B-4A349229B60B}.Debug|x64.ActiveCfg = Debug|x64
		{F7E6360E-1592-4B92-AC7B-4A349229B60B}.Debug|x64.Build.0 = Debug|x64
		{F7E6360E-1592-4B92-AC7B-4A349229B60B}.Debug|x64.Deploy.0 = Debug|x64
		{F7E6360E-1592-4B92-AC7B-4A349229B60B}.Debug|x86.ActiveCfg = Debug|x86
		{F7E6360E-1592-4B92-AC7B-4A349229B60B}.Debug|x86.Build.0 = Debug|x86
		{F7E6360E-1592-4B92-AC7B-4A349229B60B}.Debug|x86.Deploy.0 = Debug|x86
		{F7E6360E-1592-4B92-AC7B-4A349229B60B}.Release|Any CPU.ActiveCfg = Release|Any CPU
		{F7E6360E-1592-4B92-AC7B-4A349229B60B}.Release|Any CPU.Build.0 = Release|Any CPU
		{F7E6360E-1592-4B92-AC7B-4A349229B60B}.Release|Any CPU.Deploy.0 = Release|Any CPU
		{F7E6360E-1592-4B92-AC7B-4A349229B60B}.Release|ARM.ActiveCfg = Release|ARM
		{F7E6360E-1592-4B92-AC7B-4A349229B60B}.Release|ARM.Build.0 = Release|ARM
		{F7E6360E-1592-4B92-AC7B-4A349229B60B}.Release|ARM.Deploy.0 = Release|ARM
		{F7E6360E-1592-4B92-AC7B-4A349229B60B}.Release|iPhone.ActiveCfg = Release|Any CPU
		{F7E6360E-1592-4B92-AC7B-4A349229B60B}.Release|iPhone.Build.0 = Release|Any CPU
		{F7E6360E-1592-4B92-AC7B-4A349229B60B}.Release|iPhone.Deploy.0 = Release|Any CPU
		{F7E6360E-1592-4B92-AC7B-4A349229B60B}.Release|iPhoneSimulator.ActiveCfg = Release|Any CPU
		{F7E6360E-1592-4B92-AC7B-4A349229B60B}.Release|iPhoneSimulator.Build.0 = Release|Any CPU
		{F7E6360E-1592-4B92-AC7B-4A349229B60B}.Release|iPhoneSimulator.Deploy.0 = Release|Any CPU
		{F7E6360E-1592-4B92-AC7B-4A349229B60B}.Release|x64.ActiveCfg = Release|x64
		{F7E6360E-1592-4B92-AC7B-4A349229B60B}.Release|x64.Build.0 = Release|x64
		{F7E6360E-1592-4B92-AC7B-4A349229B60B}.Release|x64.Deploy.0 = Release|x64
		{F7E6360E-1592-4B92-AC7B-4A349229B60B}.Release|x86.ActiveCfg = Release|x86
		{F7E6360E-1592-4B92-AC7B-4A349229B60B}.Release|x86.Build.0 = Release|x86
		{F7E6360E-1592-4B92-AC7B-4A349229B60B}.Release|x86.Deploy.0 = Release|x86
		{993CF677-4B5A-4FAF-83BC-8BADCA4E6153}.Ad-Hoc|Any CPU.ActiveCfg = Release|Any CPU
		{993CF677-4B5A-4FAF-83BC-8BADCA4E6153}.Ad-Hoc|Any CPU.Build.0 = Release|Any CPU
		{993CF677-4B5A-4FAF-83BC-8BADCA4E6153}.Ad-Hoc|ARM.ActiveCfg = Release|Any CPU
		{993CF677-4B5A-4FAF-83BC-8BADCA4E6153}.Ad-Hoc|ARM.Build.0 = Release|Any CPU
		{993CF677-4B5A-4FAF-83BC-8BADCA4E6153}.Ad-Hoc|iPhone.ActiveCfg = Release|Any CPU
		{993CF677-4B5A-4FAF-83BC-8BADCA4E6153}.Ad-Hoc|iPhone.Build.0 = Release|Any CPU
		{993CF677-4B5A-4FAF-83BC-8BADCA4E6153}.Ad-Hoc|iPhoneSimulator.ActiveCfg = Release|Any CPU
		{993CF677-4B5A-4FAF-83BC-8BADCA4E6153}.Ad-Hoc|iPhoneSimulator.Build.0 = Release|Any CPU
		{993CF677-4B5A-4FAF-83BC-8BADCA4E6153}.Ad-Hoc|x64.ActiveCfg = Release|Any CPU
		{993CF677-4B5A-4FAF-83BC-8BADCA4E6153}.Ad-Hoc|x64.Build.0 = Release|Any CPU
		{993CF677-4B5A-4FAF-83BC-8BADCA4E6153}.Ad-Hoc|x86.ActiveCfg = Release|Any CPU
		{993CF677-4B5A-4FAF-83BC-8BADCA4E6153}.Ad-Hoc|x86.Build.0 = Release|Any CPU
		{993CF677-4B5A-4FAF-83BC-8BADCA4E6153}.AppStore|Any CPU.ActiveCfg = Release|Any CPU
		{993CF677-4B5A-4FAF-83BC-8BADCA4E6153}.AppStore|Any CPU.Build.0 = Release|Any CPU
		{993CF677-4B5A-4FAF-83BC-8BADCA4E6153}.AppStore|ARM.ActiveCfg = Release|Any CPU
		{993CF677-4B5A-4FAF-83BC-8BADCA4E6153}.AppStore|ARM.Build.0 = Release|Any CPU
		{993CF677-4B5A-4FAF-83BC-8BADCA4E6153}.AppStore|iPhone.ActiveCfg = Release|Any CPU
		{993CF677-4B5A-4FAF-83BC-8BADCA4E6153}.AppStore|iPhone.Build.0 = Release|Any CPU
		{993CF677-4B5A-4FAF-83BC-8BADCA4E6153}.AppStore|iPhoneSimulator.ActiveCfg = Release|Any CPU
		{993CF677-4B5A-4FAF-83BC-8BADCA4E6153}.AppStore|iPhoneSimulator.Build.0 = Release|Any CPU
		{993CF677-4B5A-4FAF-83BC-8BADCA4E6153}.AppStore|x64.ActiveCfg = Release|Any CPU
		{993CF677-4B5A-4FAF-83BC-8BADCA4E6153}.AppStore|x64.Build.0 = Release|Any CPU
		{993CF677-4B5A-4FAF-83BC-8BADCA4E6153}.AppStore|x86.ActiveCfg = Release|Any CPU
		{993CF677-4B5A-4FAF-83BC-8BADCA4E6153}.AppStore|x86.Build.0 = Release|Any CPU
		{993CF677-4B5A-4FAF-83BC-8BADCA4E6153}.Debug|Any CPU.ActiveCfg = Debug|Any CPU
		{993CF677-4B5A-4FAF-83BC-8BADCA4E6153}.Debug|Any CPU.Build.0 = Debug|Any CPU
		{993CF677-4B5A-4FAF-83BC-8BADCA4E6153}.Debug|ARM.ActiveCfg = Debug|Any CPU
		{993CF677-4B5A-4FAF-83BC-8BADCA4E6153}.Debug|ARM.Build.0 = Debug|Any CPU
		{993CF677-4B5A-4FAF-83BC-8BADCA4E6153}.Debug|iPhone.ActiveCfg = Debug|Any CPU
		{993CF677-4B5A-4FAF-83BC-8BADCA4E6153}.Debug|iPhone.Build.0 = Debug|Any CPU
		{993CF677-4B5A-4FAF-83BC-8BADCA4E6153}.Debug|iPhoneSimulator.ActiveCfg = Debug|Any CPU
		{993CF677-4B5A-4FAF-83BC-8BADCA4E6153}.Debug|iPhoneSimulator.Build.0 = Debug|Any CPU
		{993CF677-4B5A-4FAF-83BC-8BADCA4E6153}.Debug|x64.ActiveCfg = Debug|Any CPU
		{993CF677-4B5A-4FAF-83BC-8BADCA4E6153}.Debug|x64.Build.0 = Debug|Any CPU
		{993CF677-4B5A-4FAF-83BC-8BADCA4E6153}.Debug|x86.ActiveCfg = Debug|Any CPU
		{993CF677-4B5A-4FAF-83BC-8BADCA4E6153}.Debug|x86.Build.0 = Debug|Any CPU
		{993CF677-4B5A-4FAF-83BC-8BADCA4E6153}.Release|Any CPU.ActiveCfg = Release|Any CPU
		{993CF677-4B5A-4FAF-83BC-8BADCA4E6153}.Release|Any CPU.Build.0 = Release|Any CPU
		{993CF677-4B5A-4FAF-83BC-8BADCA4E6153}.Release|ARM.ActiveCfg = Release|Any CPU
		{993CF677-4B5A-4FAF-83BC-8BADCA4E6153}.Release|ARM.Build.0 = Release|Any CPU
		{993CF677-4B5A-4FAF-83BC-8BADCA4E6153}.Release|iPhone.ActiveCfg = Release|Any CPU
		{993CF677-4B5A-4FAF-83BC-8BADCA4E6153}.Release|iPhone.Build.0 = Release|Any CPU
		{993CF677-4B5A-4FAF-83BC-8BADCA4E6153}.Release|iPhoneSimulator.ActiveCfg = Release|Any CPU
		{993CF677-4B5A-4FAF-83BC-8BADCA4E6153}.Release|iPhoneSimulator.Build.0 = Release|Any CPU
		{993CF677-4B5A-4FAF-83BC-8BADCA4E6153}.Release|x64.ActiveCfg = Release|Any CPU
		{993CF677-4B5A-4FAF-83BC-8BADCA4E6153}.Release|x64.Build.0 = Release|Any CPU
		{993CF677-4B5A-4FAF-83BC-8BADCA4E6153}.Release|x86.ActiveCfg = Release|Any CPU
		{993CF677-4B5A-4FAF-83BC-8BADCA4E6153}.Release|x86.Build.0 = Release|Any CPU
	EndGlobalSection
	GlobalSection(SolutionProperties) = preSolution
		HideSolutionNode = FALSE
	EndGlobalSection
EndGlobal
